
Microsoft Visual Studio Solution File, Format Version 12.00
# Visual Studio Version 16
VisualStudioVersion = 16.0.30011.22
MinimumVisualStudioVersion = 10.0.40219.1
Project("{9A19103F-16F7-4668-BE54-9A1E7A4F7556}") = "Demo.GateWay", "Demo.GateWay\Demo.GateWay.csproj", "{0F96C1C4-4C68-48F4-84E6-1DB50B6D25A1}"
EndProject
Project("{2150E333-8FDC-42A3-9474-1A3956D46DE8}") = "Demo.Service.User", "Demo.Service.User", "{CDCEA056-50F2-4B20-9A08-59E01A346BF4}"
EndProject
Project("{2150E333-8FDC-42A3-9474-1A3956D46DE8}") = "Demo.Service.Material", "Demo.Service.Material", "{8F76E457-815F-4C7C-91AF-6E2D767A9BEA}"
EndProject
Project("{2150E333-8FDC-42A3-9474-1A3956D46DE8}") = "Demo.Service.Mechandise", "Demo.Service.Mechandise", "{FC40C530-7A60-47DE-96B7-EB7198A50FAB}"
EndProject
Project("{2150E333-8FDC-42A3-9474-1A3956D46DE8}") = "Demo.Service.Order", "Demo.Service.Order", "{51500305-335A-4517-A962-4E59232B875E}"
EndProject
Project("{2150E333-8FDC-42A3-9474-1A3956D46DE8}") = "Demo.shared", "Demo.shared", "{12069E45-6B49-49F5-8915-292DC3780EF2}"
EndProject
Project("{9A19103F-16F7-4668-BE54-9A1E7A4F7556}") = "Demo.IdentityServer", "Demo.IdentityServer\Demo.IdentityServer.csproj", "{B61BE8AF-A9EF-446D-8860-12FC3A56D397}"
EndProject
Project("{9A19103F-16F7-4668-BE54-9A1E7A4F7556}") = "Mark.Common", "Mark.Common\Mark.Common.csproj", "{22103E80-650B-4E31-9603-B2F24A83D534}"
EndProject
Project("{9A19103F-16F7-4668-BE54-9A1E7A4F7556}") = "Infrastructure.Core", "Infrastructure.Core\Infrastructure.Core.csproj", "{B087C7E0-C69F-4F3A-9D14-226CD0103C60}"
EndProject
Project("{9A19103F-16F7-4668-BE54-9A1E7A4F7556}") = "Domain.Core", "Domain.Abstractions\Domain.Core.csproj", "{32470CC5-5F18-41AE-8D4E-62012D313FF4}"
EndProject
Project("{2150E333-8FDC-42A3-9474-1A3956D46DE8}") = "Demo.Template", "Demo.Template", "{19365E50-EA7E-4D36-B6C8-C5702E673C1E}"
EndProject
Project("{FAE04EC0-301F-11D3-BF4B-00C04F79EFBC}") = "Demo.$projectname$.API", "Demo.Service.API.Template\Demo.$projectname$.API.csproj", "{A6AD4711-A47B-45F1-BF7A-05D1F57D31DC}"
EndProject
Project("{FAE04EC0-301F-11D3-BF4B-00C04F79EFBC}") = "Demo.$projectname$.Infrastructure", "Demo.$projectname$.Infrastructure\Demo.$projectname$.Infrastructure.csproj", "{181EDF4B-5998-4FD5-93E7-DF3E030D5B20}"
EndProject
Project("{9A19103F-16F7-4668-BE54-9A1E7A4F7556}") = "Demo.$projectname$.Domain", "Demo.$projectname$.Domain\Demo.$projectname$.Domain.csproj", "{DB4ACC49-FC2E-4DD6-AE55-A1F488438EC7}"
EndProject
Project("{9A19103F-16F7-4668-BE54-9A1E7A4F7556}") = "Demo.User.Domain", "Demo.User.Domain\Demo.User.Domain.csproj", "{8F639F53-21BF-4F1D-B27B-AF7859C7FF32}"
EndProject
Project("{9A19103F-16F7-4668-BE54-9A1E7A4F7556}") = "Demo.User.Infrastructure", "Demo.User.Infrastructure\Demo.User.Infrastructure.csproj", "{376E941A-1E83-4EDD-A81E-0200A1CFD125}"
EndProject
Project("{9A19103F-16F7-4668-BE54-9A1E7A4F7556}") = "Demo.User.API", "Demo.User.API\Demo.User.API.csproj", "{B0EAC728-B482-410A-A85D-A1D94CD0B974}"
EndProject
Project("{FAE04EC0-301F-11D3-BF4B-00C04F79EFBC}") = "Order", "Order\Order.csproj", "{239DB366-C8B2-4C73-B338-81166E9EBD9F}"
EndProject
Global
	GlobalSection(SolutionConfigurationPlatforms) = preSolution
		Debug|Any CPU = Debug|Any CPU
		Release|Any CPU = Release|Any CPU
	EndGlobalSection
	GlobalSection(ProjectConfigurationPlatforms) = postSolution
		{0F96C1C4-4C68-48F4-84E6-1DB50B6D25A1}.Debug|Any CPU.ActiveCfg = Debug|Any CPU
		{0F96C1C4-4C68-48F4-84E6-1DB50B6D25A1}.Debug|Any CPU.Build.0 = Debug|Any CPU
		{0F96C1C4-4C68-48F4-84E6-1DB50B6D25A1}.Release|Any CPU.ActiveCfg = Release|Any CPU
		{0F96C1C4-4C68-48F4-84E6-1DB50B6D25A1}.Release|Any CPU.Build.0 = Release|Any CPU
		{B61BE8AF-A9EF-446D-8860-12FC3A56D397}.Debug|Any CPU.ActiveCfg = Debug|Any CPU
		{B61BE8AF-A9EF-446D-8860-12FC3A56D397}.Debug|Any CPU.Build.0 = Debug|Any CPU
		{B61BE8AF-A9EF-446D-8860-12FC3A56D397}.Release|Any CPU.ActiveCfg = Release|Any CPU
		{B61BE8AF-A9EF-446D-8860-12FC3A56D397}.Release|Any CPU.Build.0 = Release|Any CPU
		{22103E80-650B-4E31-9603-B2F24A83D534}.Debug|Any CPU.ActiveCfg = Debug|Any CPU
		{22103E80-650B-4E31-9603-B2F24A83D534}.Debug|Any CPU.Build.0 = Debug|Any CPU
		{22103E80-650B-4E31-9603-B2F24A83D534}.Release|Any CPU.ActiveCfg = Release|Any CPU
		{22103E80-650B-4E31-9603-B2F24A83D534}.Release|Any CPU.Build.0 = Release|Any CPU
		{B087C7E0-C69F-4F3A-9D14-226CD0103C60}.Debug|Any CPU.ActiveCfg = Debug|Any CPU
		{B087C7E0-C69F-4F3A-9D14-226CD0103C60}.Debug|Any CPU.Build.0 = Debug|Any CPU
		{B087C7E0-C69F-4F3A-9D14-226CD0103C60}.Release|Any CPU.ActiveCfg = Release|Any CPU
		{B087C7E0-C69F-4F3A-9D14-226CD0103C60}.Release|Any CPU.Build.0 = Release|Any CPU
		{32470CC5-5F18-41AE-8D4E-62012D313FF4}.Debug|Any CPU.ActiveCfg = Debug|Any CPU
		{32470CC5-5F18-41AE-8D4E-62012D313FF4}.Debug|Any CPU.Build.0 = Debug|Any CPU
		{32470CC5-5F18-41AE-8D4E-62012D313FF4}.Release|Any CPU.ActiveCfg = Release|Any CPU
		{32470CC5-5F18-41AE-8D4E-62012D313FF4}.Release|Any CPU.Build.0 = Release|Any CPU
		{A6AD4711-A47B-45F1-BF7A-05D1F57D31DC}.Debug|Any CPU.ActiveCfg = Debug|Any CPU
		{A6AD4711-A47B-45F1-BF7A-05D1F57D31DC}.Debug|Any CPU.Build.0 = Debug|Any CPU
		{A6AD4711-A47B-45F1-BF7A-05D1F57D31DC}.Release|Any CPU.ActiveCfg = Release|Any CPU
		{A6AD4711-A47B-45F1-BF7A-05D1F57D31DC}.Release|Any CPU.Build.0 = Release|Any CPU
		{181EDF4B-5998-4FD5-93E7-DF3E030D5B20}.Debug|Any CPU.ActiveCfg = Debug|Any CPU
		{181EDF4B-5998-4FD5-93E7-DF3E030D5B20}.Debug|Any CPU.Build.0 = Debug|Any CPU
		{181EDF4B-5998-4FD5-93E7-DF3E030D5B20}.Release|Any CPU.ActiveCfg = Release|Any CPU
		{181EDF4B-5998-4FD5-93E7-DF3E030D5B20}.Release|Any CPU.Build.0 = Release|Any CPU
		{DB4ACC49-FC2E-4DD6-AE55-A1F488438EC7}.Debug|Any CPU.ActiveCfg = Debug|Any CPU
		{DB4ACC49-FC2E-4DD6-AE55-A1F488438EC7}.Debug|Any CPU.Build.0 = Debug|Any CPU
		{DB4ACC49-FC2E-4DD6-AE55-A1F488438EC7}.Release|Any CPU.ActiveCfg = Release|Any CPU
		{DB4ACC49-FC2E-4DD6-AE55-A1F488438EC7}.Release|Any CPU.Build.0 = Release|Any CPU
		{8F639F53-21BF-4F1D-B27B-AF7859C7FF32}.Debug|Any CPU.ActiveCfg = Debug|Any CPU
		{8F639F53-21BF-4F1D-B27B-AF7859C7FF32}.Debug|Any CPU.Build.0 = Debug|Any CPU
		{8F639F53-21BF-4F1D-B27B-AF7859C7FF32}.Release|Any CPU.ActiveCfg = Release|Any CPU
		{8F639F53-21BF-4F1D-B27B-AF7859C7FF32}.Release|Any CPU.Build.0 = Release|Any CPU
		{376E941A-1E83-4EDD-A81E-0200A1CFD125}.Debug|Any CPU.ActiveCfg = Debug|Any CPU
		{376E941A-1E83-4EDD-A81E-0200A1CFD125}.Debug|Any CPU.Build.0 = Debug|Any CPU
		{376E941A-1E83-4EDD-A81E-0200A1CFD125}.Release|Any CPU.ActiveCfg = Release|Any CPU
		{376E941A-1E83-4EDD-A81E-0200A1CFD125}.Release|Any CPU.Build.0 = Release|Any CPU
		{B0EAC728-B482-410A-A85D-A1D94CD0B974}.Debug|Any CPU.ActiveCfg = Debug|Any CPU
		{B0EAC728-B482-410A-A85D-A1D94CD0B974}.Debug|Any CPU.Build.0 = Debug|Any CPU
		{B0EAC728-B482-410A-A85D-A1D94CD0B974}.Release|Any CPU.ActiveCfg = Release|Any CPU
		{B0EAC728-B482-410A-A85D-A1D94CD0B974}.Release|Any CPU.Build.0 = Release|Any CPU
		{239DB366-C8B2-4C73-B338-81166E9EBD9F}.Debug|Any CPU.ActiveCfg = Debug|Any CPU
		{239DB366-C8B2-4C73-B338-81166E9EBD9F}.Debug|Any CPU.Build.0 = Debug|Any CPU
		{239DB366-C8B2-4C73-B338-81166E9EBD9F}.Release|Any CPU.ActiveCfg = Release|Any CPU
		{239DB366-C8B2-4C73-B338-81166E9EBD9F}.Release|Any CPU.Build.0 = Release|Any CPU
	EndGlobalSection
	GlobalSection(SolutionProperties) = preSolution
		HideSolutionNode = FALSE
	EndGlobalSection
	GlobalSection(NestedProjects) = preSolution
		{22103E80-650B-4E31-9603-B2F24A83D534} = {12069E45-6B49-49F5-8915-292DC3780EF2}
		{B087C7E0-C69F-4F3A-9D14-226CD0103C60} = {12069E45-6B49-49F5-8915-292DC3780EF2}
		{32470CC5-5F18-41AE-8D4E-62012D313FF4} = {12069E45-6B49-49F5-8915-292DC3780EF2}
		{A6AD4711-A47B-45F1-BF7A-05D1F57D31DC} = {19365E50-EA7E-4D36-B6C8-C5702E673C1E}
		{181EDF4B-5998-4FD5-93E7-DF3E030D5B20} = {19365E50-EA7E-4D36-B6C8-C5702E673C1E}
		{DB4ACC49-FC2E-4DD6-AE55-A1F488438EC7} = {19365E50-EA7E-4D36-B6C8-C5702E673C1E}
		{8F639F53-21BF-4F1D-B27B-AF7859C7FF32} = {CDCEA056-50F2-4B20-9A08-59E01A346BF4}
		{376E941A-1E83-4EDD-A81E-0200A1CFD125} = {CDCEA056-50F2-4B20-9A08-59E01A346BF4}
		{B0EAC728-B482-410A-A85D-A1D94CD0B974} = {CDCEA056-50F2-4B20-9A08-59E01A346BF4}
		{239DB366-C8B2-4C73-B338-81166E9EBD9F} = {51500305-335A-4517-A962-4E59232B875E}
	EndGlobalSection
	GlobalSection(ExtensibilityGlobals) = postSolution
		SolutionGuid = {87F3F288-08E4-43A2-99DE-024BD1034FC9}
	EndGlobalSection
EndGlobal
